
Microsoft Visual Studio Solution File, Format Version 12.00
# Visual Studio Version 17
VisualStudioVersion = 17.0.31903.59
MinimumVisualStudioVersion = 10.0.40219.1
Project("{FAE04EC0-301F-11D3-BF4B-00C04F79EFBC}") = "API", "API\API.csproj", "{ACA8FB09-5C61-4A4C-87E5-589F67D80DA3}"
EndProject
Project("{FAE04EC0-301F-11D3-BF4B-00C04F79EFBC}") = "Core", "Core\Core.csproj", "{43031F88-CA8E-4453-82BD-34821E7BC043}"
EndProject
Project("{FAE04EC0-301F-11D3-BF4B-00C04F79EFBC}") = "Infrastructure", "Infrastructure\Infrastructure.csproj", "{A81AADD2-8C86-41A8-B6A6-BAA446A67472}"
EndProject
Global
	GlobalSection(SolutionConfigurationPlatforms) = preSolution
		Debug|Any CPU = Debug|Any CPU
		Release|Any CPU = Release|Any CPU
	EndGlobalSection
	GlobalSection(SolutionProperties) = preSolution
		HideSolutionNode = FALSE
	EndGlobalSection
	GlobalSection(ProjectConfigurationPlatforms) = postSolution
		{ACA8FB09-5C61-4A4C-87E5-589F67D80DA3}.Debug|Any CPU.ActiveCfg = Debug|Any CPU
		{ACA8FB09-5C61-4A4C-87E5-589F67D80DA3}.Debug|Any CPU.Build.0 = Debug|Any CPU
		{ACA8FB09-5C61-4A4C-87E5-589F67D80DA3}.Release|Any CPU.ActiveCfg = Release|Any CPU
		{ACA8FB09-5C61-4A4C-87E5-589F67D80DA3}.Release|Any CPU.Build.0 = Release|Any CPU
		{43031F88-CA8E-4453-82BD-34821E7BC043}.Debug|Any CPU.ActiveCfg = Debug|Any CPU
		{43031F88-CA8E-4453-82BD-34821E7BC043}.Debug|Any CPU.Build.0 = Debug|Any CPU
		{43031F88-CA8E-4453-82BD-34821E7BC043}.Release|Any CPU.ActiveCfg = Release|Any CPU
		{43031F88-CA8E-4453-82BD-34821E7BC043}.Release|Any CPU.Build.0 = Release|Any CPU
		{A81AADD2-8C86-41A8-B6A6-BAA446A67472}.Debug|Any CPU.ActiveCfg = Debug|Any CPU
		{A81AADD2-8C86-41A8-B6A6-BAA446A67472}.Debug|Any CPU.Build.0 = Debug|Any CPU
		{A81AADD2-8C86-41A8-B6A6-BAA446A67472}.Release|Any CPU.ActiveCfg = Release|Any CPU
		{A81AADD2-8C86-41A8-B6A6-BAA446A67472}.Release|Any CPU.Build.0 = Release|Any CPU
	EndGlobalSection
EndGlobal
